PODS:
  - Cache (5.2.0)
  - Gallery (2.2.0)
  - Hue (3.0.1)
  - Imaginary (4.2.0):
    - Cache (~> 5.0)
  - Lightbox (2.3.0):
    - Imaginary (~> 4.0)
  - SVProgressHUD (2.2.5)

DEPENDENCIES:
  - Gallery (from `https://github.com/tnhmb/Gallery.git`)
  - Hue
  - Lightbox
  - SVProgressHUD

SPEC REPOS:
  https://github.com/cocoapods/specs.git:
    - Cache
    - Hue
    - Imaginary
    - Lightbox
    - SVProgressHUD

EXTERNAL SOURCES:
  Gallery:
    :git: https://github.com/tnhmb/Gallery.git

CHECKOUT OPTIONS:
  Gallery:
    :commit: 11183c13b1bf629775460ac198908eeda8491745
    :git: https://github.com/tnhmb/Gallery.git

SPEC CHECKSUMS:
  Cache: 807c5d86d01a177f06ede9865add3aea269bbfd4
  Gallery: 3f4c780c4b22906d6b0a5e55d12167cdc4b4fc5b
  Hue: 93e852fa6211ab35922ad8c293f51c43d6c79eb2
  Imaginary: dae33d06dbc2ada22f98afef5eb45cc061311a2c
  Lightbox: d317750e4132bfb871a5307cfe0a2c7d6a583c65
  SVProgressHUD: 1428aafac632c1f86f62aa4243ec12008d7a51d6

PODFILE CHECKSUM: 24a43ec67e75c5baf007084dc4c737666363c199

COCOAPODS: 1.5.3
